
Microsoft Visual Studio Solution File, Format Version 12.00
# Visual Studio Version 17
VisualStudioVersion = 17.3.32929.385
MinimumVisualStudioVersion = 10.0.40219.1
Project("{8BC9CEB8-8B4A-11D0-8D11-00A0C91BC942}") = "Lab16", "Lab16\Lab16.vcxproj", "{3ECA28A4-6E76-48AD-899D-72EAA0B72940}"
EndProject
Global
	GlobalSection(SolutionConfigurationPlatforms) = preSolution
		Debug|x64 = Debug|x64
		Debug|x86 = Debug|x86
		Release|x64 = Release|x64
		Release|x86 = Release|x86
	EndGlobalSection
	GlobalSection(ProjectConfigurationPlatforms) = postSolution
		{3ECA28A4-6E76-48AD-899D-72EAA0B72940}.Debug|x64.ActiveCfg = Debug|x64
		{3ECA28A4-6E76-48AD-899D-72EAA0B72940}.Debug|x64.Build.0 = Debug|x64
		{3ECA28A4-6E76-48AD-899D-72EAA0B72940}.Debug|x86.ActiveCfg = Debug|Win32
		{3ECA28A4-6E76-48AD-899D-72EAA0B72940}.Debug|x86.Build.0 = Debug|Win32
		{3ECA28A4-6E76-48AD-899D-72EAA0B72940}.Release|x64.ActiveCfg = Release|x64
		{3ECA28A4-6E76-48AD-899D-72EAA0B72940}.Release|x64.Build.0 = Release|x64
		{3ECA28A4-6E76-48AD-899D-72EAA0B72940}.Release|x86.ActiveCfg = Release|Win32
		{3ECA28A4-6E76-48AD-899D-72EAA0B72940}.Release|x86.Build.0 = Release|Win32
	EndGlobalSection
	GlobalSection(SolutionProperties) = preSolution
		HideSolutionNode = FALSE
	EndGlobalSection
	GlobalSection(ExtensibilityGlobals) = postSolution
		SolutionGuid = {6B29F420-3710-401D-94F7-E5BF6DA9FE30}
	EndGlobalSection
EndGlobal
