
Microsoft Visual Studio Solution File, Format Version 12.00
# Visual Studio Version 17
VisualStudioVersion = 17.3.32929.385
MinimumVisualStudioVersion = 10.0.40219.1
Project("{9A19103F-16F7-4668-BE54-9A1E7A4F7556}") = "Lab7", "Lab3\Lab7.csproj", "{828DC0B6-A788-444A-8DC4-498365D2F4A2}"
EndProject
Global
	GlobalSection(SolutionConfigurationPlatforms) = preSolution
		Debug|Any CPU = Debug|Any CPU
		Release|Any CPU = Release|Any CPU
	EndGlobalSection
	GlobalSection(ProjectConfigurationPlatforms) = postSolution
		{828DC0B6-A788-444A-8DC4-498365D2F4A2}.Debug|Any CPU.ActiveCfg = Debug|Any CPU
		{828DC0B6-A788-444A-8DC4-498365D2F4A2}.Debug|Any CPU.Build.0 = Debug|Any CPU
		{828DC0B6-A788-444A-8DC4-498365D2F4A2}.Release|Any CPU.ActiveCfg = Release|Any CPU
		{828DC0B6-A788-444A-8DC4-498365D2F4A2}.Release|Any CPU.Build.0 = Release|Any CPU
	EndGlobalSection
	GlobalSection(SolutionProperties) = preSolution
		HideSolutionNode = FALSE
	EndGlobalSection
	GlobalSection(ExtensibilityGlobals) = postSolution
		SolutionGuid = {1DCB737A-72D6-4BD3-A74F-AE72E41E6732}
	EndGlobalSection
EndGlobal
