
Microsoft Visual Studio Solution File, Format Version 12.00
# Visual Studio Version 17
VisualStudioVersion = 17.3.32929.385
MinimumVisualStudioVersion = 10.0.40219.1
Project("{FAE04EC0-301F-11D3-BF4B-00C04F79EFBC}") = "ExamPreapration", "ExamPreapration\ExamPreapration.csproj", "{3FA9B580-0558-4DF1-8F00-67865D3E3754}"
EndProject
Global
	GlobalSection(SolutionConfigurationPlatforms) = preSolution
		Debug|Any CPU = Debug|Any CPU
		Release|Any CPU = Release|Any CPU
	EndGlobalSection
	GlobalSection(ProjectConfigurationPlatforms) = postSolution
		{3FA9B580-0558-4DF1-8F00-67865D3E3754}.Debug|Any CPU.ActiveCfg = Debug|Any CPU
		{3FA9B580-0558-4DF1-8F00-67865D3E3754}.Debug|Any CPU.Build.0 = Debug|Any CPU
		{3FA9B580-0558-4DF1-8F00-67865D3E3754}.Release|Any CPU.ActiveCfg = Release|Any CPU
		{3FA9B580-0558-4DF1-8F00-67865D3E3754}.Release|Any CPU.Build.0 = Release|Any CPU
	EndGlobalSection
	GlobalSection(SolutionProperties) = preSolution
		HideSolutionNode = FALSE
	EndGlobalSection
	GlobalSection(ExtensibilityGlobals) = postSolution
		SolutionGuid = {3B551482-B6B1-4F9E-9214-C5C5E170CAAD}
	EndGlobalSection
EndGlobal
