
Microsoft Visual Studio Solution File, Format Version 12.00
# Visual Studio Version 17
VisualStudioVersion = 17.3.32929.385
MinimumVisualStudioVersion = 10.0.40219.1
Project("{8BC9CEB8-8B4A-11D0-8D11-00A0C91BC942}") = "lab2", "lab2\lab2.vcxproj", "{D220F2F7-B83A-484E-890D-A0431DA9B725}"
EndProject
Project("{8BC9CEB8-8B4A-11D0-8D11-00A0C91BC942}") = "task1", "task1\task1.vcxproj", "{1A306600-64FE-4D92-91F2-CCD1920E9928}"
EndProject
Project("{8BC9CEB8-8B4A-11D0-8D11-00A0C91BC942}") = "task2", "task2\task2.vcxproj", "{835C88BE-D209-4DF9-BD8F-BDF7A31483A7}"
EndProject
Project("{8BC9CEB8-8B4A-11D0-8D11-00A0C91BC942}") = "task4", "task4\task4.vcxproj", "{E720B389-4F15-47F9-8A6D-352902F5E47F}"
EndProject
Project("{8BC9CEB8-8B4A-11D0-8D11-00A0C91BC942}") = "task3", "task3\task3.vcxproj", "{83BB145D-322E-4554-A764-F2BDF8EC28EC}"
EndProject
Global
	GlobalSection(SolutionConfigurationPlatforms) = preSolution
		Debug|x64 = Debug|x64
		Debug|x86 = Debug|x86
		Release|x64 = Release|x64
		Release|x86 = Release|x86
	EndGlobalSection
	GlobalSection(ProjectConfigurationPlatforms) = postSolution
		{D220F2F7-B83A-484E-890D-A0431DA9B725}.Debug|x64.ActiveCfg = Debug|x64
		{D220F2F7-B83A-484E-890D-A0431DA9B725}.Debug|x64.Build.0 = Debug|x64
		{D220F2F7-B83A-484E-890D-A0431DA9B725}.Debug|x86.ActiveCfg = Debug|Win32
		{D220F2F7-B83A-484E-890D-A0431DA9B725}.Debug|x86.Build.0 = Debug|Win32
		{D220F2F7-B83A-484E-890D-A0431DA9B725}.Release|x64.ActiveCfg = Release|x64
		{D220F2F7-B83A-484E-890D-A0431DA9B725}.Release|x64.Build.0 = Release|x64
		{D220F2F7-B83A-484E-890D-A0431DA9B725}.Release|x86.ActiveCfg = Release|Win32
		{D220F2F7-B83A-484E-890D-A0431DA9B725}.Release|x86.Build.0 = Release|Win32
		{1A306600-64FE-4D92-91F2-CCD1920E9928}.Debug|x64.ActiveCfg = Debug|x64
		{1A306600-64FE-4D92-91F2-CCD1920E9928}.Debug|x64.Build.0 = Debug|x64
		{1A306600-64FE-4D92-91F2-CCD1920E9928}.Debug|x86.ActiveCfg = Debug|Win32
		{1A306600-64FE-4D92-91F2-CCD1920E9928}.Debug|x86.Build.0 = Debug|Win32
		{1A306600-64FE-4D92-91F2-CCD1920E9928}.Release|x64.ActiveCfg = Release|x64
		{1A306600-64FE-4D92-91F2-CCD1920E9928}.Release|x64.Build.0 = Release|x64
		{1A306600-64FE-4D92-91F2-CCD1920E9928}.Release|x86.ActiveCfg = Release|Win32
		{1A306600-64FE-4D92-91F2-CCD1920E9928}.Release|x86.Build.0 = Release|Win32
		{835C88BE-D209-4DF9-BD8F-BDF7A31483A7}.Debug|x64.ActiveCfg = Debug|x64
		{835C88BE-D209-4DF9-BD8F-BDF7A31483A7}.Debug|x64.Build.0 = Debug|x64
		{835C88BE-D209-4DF9-BD8F-BDF7A31483A7}.Debug|x86.ActiveCfg = Debug|Win32
		{835C88BE-D209-4DF9-BD8F-BDF7A31483A7}.Debug|x86.Build.0 = Debug|Win32
		{835C88BE-D209-4DF9-BD8F-BDF7A31483A7}.Release|x64.ActiveCfg = Release|x64
		{835C88BE-D209-4DF9-BD8F-BDF7A31483A7}.Release|x64.Build.0 = Release|x64
		{835C88BE-D209-4DF9-BD8F-BDF7A31483A7}.Release|x86.ActiveCfg = Release|Win32
		{835C88BE-D209-4DF9-BD8F-BDF7A31483A7}.Release|x86.Build.0 = Release|Win32
		{E720B389-4F15-47F9-8A6D-352902F5E47F}.Debug|x64.ActiveCfg = Debug|x64
		{E720B389-4F15-47F9-8A6D-352902F5E47F}.Debug|x64.Build.0 = Debug|x64
		{E720B389-4F15-47F9-8A6D-352902F5E47F}.Debug|x86.ActiveCfg = Debug|Win32
		{E720B389-4F15-47F9-8A6D-352902F5E47F}.Debug|x86.Build.0 = Debug|Win32
		{E720B389-4F15-47F9-8A6D-352902F5E47F}.Release|x64.ActiveCfg = Release|x64
		{E720B389-4F15-47F9-8A6D-352902F5E47F}.Release|x64.Build.0 = Release|x64
		{E720B389-4F15-47F9-8A6D-352902F5E47F}.Release|x86.ActiveCfg = Release|Win32
		{E720B389-4F15-47F9-8A6D-352902F5E47F}.Release|x86.Build.0 = Release|Win32
		{83BB145D-322E-4554-A764-F2BDF8EC28EC}.Debug|x64.ActiveCfg = Debug|x64
		{83BB145D-322E-4554-A764-F2BDF8EC28EC}.Debug|x64.Build.0 = Debug|x64
		{83BB145D-322E-4554-A764-F2BDF8EC28EC}.Debug|x86.ActiveCfg = Debug|Win32
		{83BB145D-322E-4554-A764-F2BDF8EC28EC}.Debug|x86.Build.0 = Debug|Win32
		{83BB145D-322E-4554-A764-F2BDF8EC28EC}.Release|x64.ActiveCfg = Release|x64
		{83BB145D-322E-4554-A764-F2BDF8EC28EC}.Release|x64.Build.0 = Release|x64
		{83BB145D-322E-4554-A764-F2BDF8EC28EC}.Release|x86.ActiveCfg = Release|Win32
		{83BB145D-322E-4554-A764-F2BDF8EC28EC}.Release|x86.Build.0 = Release|Win32
	EndGlobalSection
	GlobalSection(SolutionProperties) = preSolution
		HideSolutionNode = FALSE
	EndGlobalSection
	GlobalSection(ExtensibilityGlobals) = postSolution
		SolutionGuid = {05D3CC58-FF4F-4A98-ACC8-DFB1251FCA64}
	EndGlobalSection
EndGlobal
